
Microsoft Visual Studio Solution File, Format Version 12.00
# Visual Studio 15
VisualStudioVersion = 15.0.26430.14
MinimumVisualStudioVersion = 10.0.40219.1
Project("{FAE04EC0-301F-11D3-BF4B-00C04F79EFBC}") = "BIZ_TransferWorkstation", "BIZ_TransferWorkstation\BIZ_TransferWorkstation.csproj", "{CF7EA7B6-D7A2-4EF8-A6AF-55FD9263CDF6}"
EndProject
Project("{2150E333-8FDC-42A3-9474-1A3956D46DE8}") = "DLL", "DLL", "{5470CE21-2342-47EE-BF09-3163A206997A}"
	ProjectSection(SolutionItems) = preProject
		Dll\BarcodeLib.dll = Dll\BarcodeLib.dll
		Dll\ComponentFactory.Krypton.Toolkit.DLL = Dll\ComponentFactory.Krypton.Toolkit.DLL
		Dll\Daisy.Windows.dll = Dll\Daisy.Windows.dll
		Dll\ICSharpCode.SharpZipLib.dll = Dll\ICSharpCode.SharpZipLib.dll
		Dll\itextsharp.dll = Dll\itextsharp.dll
		Dll\log4net.dll = Dll\log4net.dll
		Dll\Mes.ControlsEx.dll = Dll\Mes.ControlsEx.dll
		Dll\Mes.Core.dll = Dll\Mes.Core.dll
		Dll\Mes.Oracle.Packages.dll = Dll\Mes.Oracle.Packages.dll
		Dll\Mes.Oracle.Sql.dll = Dll\Mes.Oracle.Sql.dll
		Dll\Mes.Resource.dll = Dll\Mes.Resource.dll
		Dll\Mes.TouchPC.ControlsEx.dll = Dll\Mes.TouchPC.ControlsEx.dll
		Dll\Mes.Workbench.exe = Dll\Mes.Workbench.exe
		Dll\NPOI.dll = Dll\NPOI.dll
		Dll\NPOI.OOXML.dll = Dll\NPOI.OOXML.dll
		Dll\NPOI.OpenXml4Net.dll = Dll\NPOI.OpenXml4Net.dll
		Dll\NPOI.OpenXmlFormats.dll = Dll\NPOI.OpenXmlFormats.dll
	EndProjectSection
EndProject
Global
	GlobalSection(SolutionConfigurationPlatforms) = preSolution
		Debug|Any CPU = Debug|Any CPU
		Release|Any CPU = Release|Any CPU
	EndGlobalSection
	GlobalSection(ProjectConfigurationPlatforms) = postSolution
		{CF7EA7B6-D7A2-4EF8-A6AF-55FD9263CDF6}.Debug|Any CPU.ActiveCfg = Debug|Any CPU
		{CF7EA7B6-D7A2-4EF8-A6AF-55FD9263CDF6}.Debug|Any CPU.Build.0 = Debug|Any CPU
		{CF7EA7B6-D7A2-4EF8-A6AF-55FD9263CDF6}.Release|Any CPU.ActiveCfg = Release|Any CPU
		{CF7EA7B6-D7A2-4EF8-A6AF-55FD9263CDF6}.Release|Any CPU.Build.0 = Release|Any CPU
	EndGlobalSection
	GlobalSection(SolutionProperties) = preSolution
		HideSolutionNode = FALSE
	EndGlobalSection
EndGlobal
